Microsoft Visual Studio Solution File, Format Version 9.00
# Visual Studio 2005
Project("{EAF909A5-FA59-4C3D-9431-0FCC20D5BCF9}") = "convex_hull_benchmark", "convex_hull_benchmark.icproj", "{347CD752-84DD-4E7C-9DB3-90B740C03E8E}"
EndProject
Project("{EAF909A5-FA59-4C3D-9431-0FCC20D5BCF9}") = "convex_hull_sample", "convex_hull_sample.icproj", "{B83E81E3-9EB0-4C22-B6CF-F2329A496EDA}"
EndProject
Global
	GlobalSection(SolutionConfigurationPlatforms) = preSolution
		Debug|Win32 = Debug|Win32
		Debug|x64 = Debug|x64
		Release|Win32 = Release|Win32
		Release|x64 = Release|x64
	EndGlobalSection
	GlobalSection(ProjectConfigurationPlatforms) = postSolution
		{347CD752-84DD-4E7C-9DB3-90B740C03E8E}.Debug|Win32.ActiveCfg = Debug|Win32
		{347CD752-84DD-4E7C-9DB3-90B740C03E8E}.Debug|Win32.Build.0 = Debug|Win32
		{347CD752-84DD-4E7C-9DB3-90B740C03E8E}.Debug|x64.ActiveCfg = Debug|x64
		{347CD752-84DD-4E7C-9DB3-90B740C03E8E}.Debug|x64.Build.0 = Debug|x64
		{347CD752-84DD-4E7C-9DB3-90B740C03E8E}.Release|Win32.ActiveCfg = Release|Win32
		{347CD752-84DD-4E7C-9DB3-90B740C03E8E}.Release|Win32.Build.0 = Release|Win32
		{347CD752-84DD-4E7C-9DB3-90B740C03E8E}.Release|x64.ActiveCfg = Release|x64
		{347CD752-84DD-4E7C-9DB3-90B740C03E8E}.Release|x64.Build.0 = Release|x64
		{B83E81E3-9EB0-4C22-B6CF-F2329A496EDA}.Debug|Win32.ActiveCfg = Debug|Win32
		{B83E81E3-9EB0-4C22-B6CF-F2329A496EDA}.Debug|Win32.Build.0 = Debug|Win32
		{B83E81E3-9EB0-4C22-B6CF-F2329A496EDA}.Debug|x64.ActiveCfg = Debug|x64
		{B83E81E3-9EB0-4C22-B6CF-F2329A496EDA}.Debug|x64.Build.0 = Debug|x64
		{B83E81E3-9EB0-4C22-B6CF-F2329A496EDA}.Release|Win32.ActiveCfg = Release|Win32
		{B83E81E3-9EB0-4C22-B6CF-F2329A496EDA}.Release|Win32.Build.0 = Release|Win32
		{B83E81E3-9EB0-4C22-B6CF-F2329A496EDA}.Release|x64.ActiveCfg = Release|x64
		{B83E81E3-9EB0-4C22-B6CF-F2329A496EDA}.Release|x64.Build.0 = Release|x64
		{3AA40693-F93D-4D4B-B32E-068F511A252A}.Release|x64.Build.0 = Release|x64
		{3AA40693-F93D-4D4B-B32E-068F511A252A}.Release|x64.ActiveCfg = Release|x64
		{3AA40693-F93D-4D4B-B32E-068F511A252A}.Release|Win32.Build.0 = Release|Win32
		{3AA40693-F93D-4D4B-B32E-068F511A252A}.Release|Win32.ActiveCfg = Release|Win32
		{3AA40693-F93D-4D4B-B32E-068F511A252A}.Debug|x64.Build.0 = Debug|x64
		{3AA40693-F93D-4D4B-B32E-068F511A252A}.Debug|x64.ActiveCfg = Debug|x64
		{3AA40693-F93D-4D4B-B32E-068F511A252A}.Debug|Win32.Build.0 = Debug|Win32
		{3AA40693-F93D-4D4B-B32E-068F511A252A}.Debug|Win32.ActiveCfg = Debug|Win32
		{5F897A77-EBD9-4462-94D4-06E2ADE47F3B}.Release|x64.Build.0 = Release|x64
		{5F897A77-EBD9-4462-94D4-06E2ADE47F3B}.Release|x64.ActiveCfg = Release|x64
		{5F897A77-EBD9-4462-94D4-06E2ADE47F3B}.Release|Win32.Build.0 = Release|Win32
		{5F897A77-EBD9-4462-94D4-06E2ADE47F3B}.Release|Win32.ActiveCfg = Release|Win32
		{5F897A77-EBD9-4462-94D4-06E2ADE47F3B}.Debug|x64.Build.0 = Debug|x64
		{5F897A77-EBD9-4462-94D4-06E2ADE47F3B}.Debug|x64.ActiveCfg = Debug|x64
		{5F897A77-EBD9-4462-94D4-06E2ADE47F3B}.Debug|Win32.Build.0 = Debug|Win32
		{5F897A77-EBD9-4462-94D4-06E2ADE47F3B}.Debug|Win32.ActiveCfg = Debug|Win32
	EndGlobalSection
	GlobalSection(SolutionProperties) = preSolution
		HideSolutionNode = FALSE
	EndGlobalSection
EndGlobal
