Microsoft Visual Studio Solution File, Format Version 9.00
# Visual Studio 2005
Project("{EAF909A5-FA59-4C3D-9431-0FCC20D5BCF9}") = "tachyon.tbb", "tachyon.tbb.icproj", "{2D08E05F-D0E0-48A7-9597-28B95ACE70B6}"
	ProjectSection(ProjectDependencies) = postProject
		{5F685DBD-9A04-4E94-A1CA-FC48FE799830} = {5F685DBD-9A04-4E94-A1CA-FC48FE799830}
	EndProjectSection
EndProject
Project("{EAF909A5-FA59-4C3D-9431-0FCC20D5BCF9}") = "tachyon.common", "tachyon.icproj", "{5F685DBD-9A04-4E94-A1CA-FC48FE799830}"
EndProject
Project("{EAF909A5-FA59-4C3D-9431-0FCC20D5BCF9}") = "tachyon.serial", "tachyon.serial.icproj", "{E085A8DB-75D4-4927-9631-6368E6D0EE72}"
	ProjectSection(ProjectDependencies) = postProject
		{5F685DBD-9A04-4E94-A1CA-FC48FE799830} = {5F685DBD-9A04-4E94-A1CA-FC48FE799830}
	EndProjectSection
EndProject
Project("{EAF909A5-FA59-4C3D-9431-0FCC20D5BCF9}") = "tachyon.tbb1d", "tachyon.tbb1d.icproj", "{4F173D3A-AE8C-4F7E-A4D0-6527F46B8495}"
	ProjectSection(ProjectDependencies) = postProject
		{5F685DBD-9A04-4E94-A1CA-FC48FE799830} = {5F685DBD-9A04-4E94-A1CA-FC48FE799830}
	EndProjectSection
EndProject
Global
	GlobalSection(SolutionConfigurationPlatforms) = preSolution
		DD Debug|Win32 = DD Debug|Win32
		DD Debug|x64 = DD Debug|x64
		DD Release|Win32 = DD Release|Win32
		DD Release|x64 = DD Release|x64
		GDI Debug|Win32 = GDI Debug|Win32
		GDI Debug|x64 = GDI Debug|x64
		_GDI Release|Win32 = _GDI Release|Win32
		_GDI Release|x64 = _GDI Release|x64
		Description = Tachyon ray-tracer example
	EndGlobalSection
	GlobalSection(ProjectConfigurationPlatforms) = postSolution
		{2D08E05F-D0E0-48A7-9597-28B95ACE70B6}.DD Debug|Win32.ActiveCfg = DDDebug|Win32
		{2D08E05F-D0E0-48A7-9597-28B95ACE70B6}.DD Debug|Win32.Build.0 = DDDebug|Win32
		{2D08E05F-D0E0-48A7-9597-28B95ACE70B6}.DD Debug|x64.ActiveCfg = DDDebug|x64
		{2D08E05F-D0E0-48A7-9597-28B95ACE70B6}.DD Debug|x64.Build.0 = DDDebug|x64
		{2D08E05F-D0E0-48A7-9597-28B95ACE70B6}.DD Release|Win32.ActiveCfg = DDRelease|Win32
		{2D08E05F-D0E0-48A7-9597-28B95ACE70B6}.DD Release|Win32.Build.0 = DDRelease|Win32
		{2D08E05F-D0E0-48A7-9597-28B95ACE70B6}.DD Release|x64.ActiveCfg = DDRelease|x64
		{2D08E05F-D0E0-48A7-9597-28B95ACE70B6}.DD Release|x64.Build.0 = DDRelease|x64
		{2D08E05F-D0E0-48A7-9597-28B95ACE70B6}.GDI Debug|Win32.ActiveCfg = Debug|Win32
		{2D08E05F-D0E0-48A7-9597-28B95ACE70B6}.GDI Debug|Win32.Build.0 = Debug|Win32
		{2D08E05F-D0E0-48A7-9597-28B95ACE70B6}.GDI Debug|x64.ActiveCfg = Debug|x64
		{2D08E05F-D0E0-48A7-9597-28B95ACE70B6}.GDI Debug|x64.Build.0 = Debug|x64
		{2D08E05F-D0E0-48A7-9597-28B95ACE70B6}._GDI Release|Win32.ActiveCfg = Release|Win32
		{2D08E05F-D0E0-48A7-9597-28B95ACE70B6}._GDI Release|Win32.Build.0 = Release|Win32
		{2D08E05F-D0E0-48A7-9597-28B95ACE70B6}._GDI Release|x64.ActiveCfg = Release|x64
		{2D08E05F-D0E0-48A7-9597-28B95ACE70B6}._GDI Release|x64.Build.0 = Release|x64
		{5F685DBD-9A04-4E94-A1CA-FC48FE799830}.DD Debug|Win32.ActiveCfg = DDDebug|Win32
		{5F685DBD-9A04-4E94-A1CA-FC48FE799830}.DD Debug|Win32.Build.0 = DDDebug|Win32
		{5F685DBD-9A04-4E94-A1CA-FC48FE799830}.DD Debug|x64.ActiveCfg = DDDebug|x64
		{5F685DBD-9A04-4E94-A1CA-FC48FE799830}.DD Debug|x64.Build.0 = DDDebug|x64
		{5F685DBD-9A04-4E94-A1CA-FC48FE799830}.DD Release|Win32.ActiveCfg = DDRelease|Win32
		{5F685DBD-9A04-4E94-A1CA-FC48FE799830}.DD Release|Win32.Build.0 = DDRelease|Win32
		{5F685DBD-9A04-4E94-A1CA-FC48FE799830}.DD Release|x64.ActiveCfg = DDRelease|x64
		{5F685DBD-9A04-4E94-A1CA-FC48FE799830}.DD Release|x64.Build.0 = DDRelease|x64
		{5F685DBD-9A04-4E94-A1CA-FC48FE799830}.GDI Debug|Win32.ActiveCfg = Debug|Win32
		{5F685DBD-9A04-4E94-A1CA-FC48FE799830}.GDI Debug|Win32.Build.0 = Debug|Win32
		{5F685DBD-9A04-4E94-A1CA-FC48FE799830}.GDI Debug|x64.ActiveCfg = Debug|x64
		{5F685DBD-9A04-4E94-A1CA-FC48FE799830}.GDI Debug|x64.Build.0 = Debug|x64
		{5F685DBD-9A04-4E94-A1CA-FC48FE799830}._GDI Release|Win32.ActiveCfg = Release|Win32
		{5F685DBD-9A04-4E94-A1CA-FC48FE799830}._GDI Release|Win32.Build.0 = Release|Win32
		{5F685DBD-9A04-4E94-A1CA-FC48FE799830}._GDI Release|x64.ActiveCfg = Release|x64
		{5F685DBD-9A04-4E94-A1CA-FC48FE799830}._GDI Release|x64.Build.0 = Release|x64
		{E085A8DB-75D4-4927-9631-6368E6D0EE72}.DD Debug|Win32.ActiveCfg = DDDebug|Win32
		{E085A8DB-75D4-4927-9631-6368E6D0EE72}.DD Debug|Win32.Build.0 = DDDebug|Win32
		{E085A8DB-75D4-4927-9631-6368E6D0EE72}.DD Debug|x64.ActiveCfg = DDDebug|x64
		{E085A8DB-75D4-4927-9631-6368E6D0EE72}.DD Debug|x64.Build.0 = DDDebug|x64
		{E085A8DB-75D4-4927-9631-6368E6D0EE72}.DD Release|Win32.ActiveCfg = DDRelease|Win32
		{E085A8DB-75D4-4927-9631-6368E6D0EE72}.DD Release|Win32.Build.0 = DDRelease|Win32
		{E085A8DB-75D4-4927-9631-6368E6D0EE72}.DD Release|x64.ActiveCfg = DDRelease|x64
		{E085A8DB-75D4-4927-9631-6368E6D0EE72}.DD Release|x64.Build.0 = DDRelease|x64
		{E085A8DB-75D4-4927-9631-6368E6D0EE72}.GDI Debug|Win32.ActiveCfg = Debug|Win32
		{E085A8DB-75D4-4927-9631-6368E6D0EE72}.GDI Debug|Win32.Build.0 = Debug|Win32
		{E085A8DB-75D4-4927-9631-6368E6D0EE72}.GDI Debug|x64.ActiveCfg = Debug|x64
		{E085A8DB-75D4-4927-9631-6368E6D0EE72}.GDI Debug|x64.Build.0 = Debug|x64
		{E085A8DB-75D4-4927-9631-6368E6D0EE72}._GDI Release|Win32.ActiveCfg = Release|Win32
		{E085A8DB-75D4-4927-9631-6368E6D0EE72}._GDI Release|Win32.Build.0 = Release|Win32
		{E085A8DB-75D4-4927-9631-6368E6D0EE72}._GDI Release|x64.ActiveCfg = Release|x64
		{E085A8DB-75D4-4927-9631-6368E6D0EE72}._GDI Release|x64.Build.0 = Release|x64
		{4F173D3A-AE8C-4F7E-A4D0-6527F46B8495}.DD Debug|Win32.ActiveCfg = DDDebug|Win32
		{4F173D3A-AE8C-4F7E-A4D0-6527F46B8495}.DD Debug|Win32.Build.0 = DDDebug|Win32
		{4F173D3A-AE8C-4F7E-A4D0-6527F46B8495}.DD Debug|x64.ActiveCfg = DDDebug|x64
		{4F173D3A-AE8C-4F7E-A4D0-6527F46B8495}.DD Debug|x64.Build.0 = DDDebug|x64
		{4F173D3A-AE8C-4F7E-A4D0-6527F46B8495}.DD Release|Win32.ActiveCfg = DDRelease|Win32
		{4F173D3A-AE8C-4F7E-A4D0-6527F46B8495}.DD Release|Win32.Build.0 = DDRelease|Win32
		{4F173D3A-AE8C-4F7E-A4D0-6527F46B8495}.DD Release|x64.ActiveCfg = DDRelease|x64
		{4F173D3A-AE8C-4F7E-A4D0-6527F46B8495}.DD Release|x64.Build.0 = DDRelease|x64
		{4F173D3A-AE8C-4F7E-A4D0-6527F46B8495}.GDI Debug|Win32.ActiveCfg = Debug|Win32
		{4F173D3A-AE8C-4F7E-A4D0-6527F46B8495}.GDI Debug|Win32.Build.0 = Debug|Win32
		{4F173D3A-AE8C-4F7E-A4D0-6527F46B8495}.GDI Debug|x64.ActiveCfg = Debug|x64
		{4F173D3A-AE8C-4F7E-A4D0-6527F46B8495}.GDI Debug|x64.Build.0 = Debug|x64
		{4F173D3A-AE8C-4F7E-A4D0-6527F46B8495}._GDI Release|Win32.ActiveCfg = Release|Win32
		{4F173D3A-AE8C-4F7E-A4D0-6527F46B8495}._GDI Release|Win32.Build.0 = Release|Win32
		{4F173D3A-AE8C-4F7E-A4D0-6527F46B8495}._GDI Release|x64.ActiveCfg = Release|x64
		{4F173D3A-AE8C-4F7E-A4D0-6527F46B8495}._GDI Release|x64.Build.0 = Release|x64
		{6E9B1702-78E0-4D64-B771-8B274D963B58}.DD Debug|Win32.ActiveCfg = DDDebug|Win32
		{6E9B1702-78E0-4D64-B771-8B274D963B58}.DD Debug|x64.ActiveCfg = DDDebug|x64
		{6E9B1702-78E0-4D64-B771-8B274D963B58}.DD Release|Win32.ActiveCfg = DDRelease|Win32
		{6E9B1702-78E0-4D64-B771-8B274D963B58}.DD Release|x64.ActiveCfg = DDRelease|x64
		{6E9B1702-78E0-4D64-B771-8B274D963B58}.GDI Debug|Win32.ActiveCfg = Debug|Win32
		{6E9B1702-78E0-4D64-B771-8B274D963B58}.GDI Debug|Win32.Build.0 = Debug|Win32
		{6E9B1702-78E0-4D64-B771-8B274D963B58}.GDI Debug|x64.ActiveCfg = Debug|x64
		{6E9B1702-78E0-4D64-B771-8B274D963B58}.GDI Debug|x64.Build.0 = Debug|x64
		{6E9B1702-78E0-4D64-B771-8B274D963B58}._GDI Release|Win32.ActiveCfg = Release|Win32
		{6E9B1702-78E0-4D64-B771-8B274D963B58}._GDI Release|Win32.Build.0 = Release|Win32
		{6E9B1702-78E0-4D64-B771-8B274D963B58}._GDI Release|x64.ActiveCfg = Release|x64
		{6E9B1702-78E0-4D64-B771-8B274D963B58}._GDI Release|x64.Build.0 = Release|x64
		{924517DF-2B6A-47D5-8A11-CC247CC4D810}.DD Debug|Win32.ActiveCfg = DDDebug|Win32
		{924517DF-2B6A-47D5-8A11-CC247CC4D810}.DD Debug|x64.ActiveCfg = DDDebug|x64
		{924517DF-2B6A-47D5-8A11-CC247CC4D810}.DD Release|Win32.ActiveCfg = DDRelease|Win32
		{924517DF-2B6A-47D5-8A11-CC247CC4D810}.DD Release|x64.ActiveCfg = DDRelease|x64
		{924517DF-2B6A-47D5-8A11-CC247CC4D810}.GDI Debug|Win32.ActiveCfg = Debug|Win32
		{924517DF-2B6A-47D5-8A11-CC247CC4D810}.GDI Debug|Win32.Build.0 = Debug|Win32
		{924517DF-2B6A-47D5-8A11-CC247CC4D810}.GDI Debug|x64.ActiveCfg = Debug|x64
		{924517DF-2B6A-47D5-8A11-CC247CC4D810}.GDI Debug|x64.Build.0 = Debug|x64
		{924517DF-2B6A-47D5-8A11-CC247CC4D810}._GDI Release|Win32.ActiveCfg = Release|Win32
		{924517DF-2B6A-47D5-8A11-CC247CC4D810}._GDI Release|Win32.Build.0 = Release|Win32
		{924517DF-2B6A-47D5-8A11-CC247CC4D810}._GDI Release|x64.ActiveCfg = Release|x64
		{924517DF-2B6A-47D5-8A11-CC247CC4D810}._GDI Release|x64.Build.0 = Release|x64
		{924517DF-2B6A-47D5-8A11-CC047CC4D8E9}.DD Debug|Win32.ActiveCfg = DDDebug|Win32
		{924517DF-2B6A-47D5-8A11-CC047CC4D8E9}.DD Debug|x64.ActiveCfg = DDDebug|x64
		{924517DF-2B6A-47D5-8A11-CC047CC4D8E9}.DD Release|Win32.ActiveCfg = DDRelease|Win32
		{924517DF-2B6A-47D5-8A11-CC047CC4D8E9}.DD Release|x64.ActiveCfg = DDRelease|x64
		{924517DF-2B6A-47D5-8A11-CC047CC4D8E9}.GDI Debug|Win32.ActiveCfg = Debug|Win32
		{924517DF-2B6A-47D5-8A11-CC047CC4D8E9}.GDI Debug|Win32.Build.0 = Debug|Win32
		{924517DF-2B6A-47D5-8A11-CC047CC4D8E9}.GDI Debug|x64.ActiveCfg = Debug|x64
		{924517DF-2B6A-47D5-8A11-CC047CC4D8E9}.GDI Debug|x64.Build.0 = Debug|x64
		{924517DF-2B6A-47D5-8A11-CC047CC4D8E9}._GDI Release|Win32.ActiveCfg = Release|Win32
		{924517DF-2B6A-47D5-8A11-CC047CC4D8E9}._GDI Release|Win32.Build.0 = Release|Win32
		{924517DF-2B6A-47D5-8A11-CC047CC4D8E9}._GDI Release|x64.ActiveCfg = Release|x64
		{924517DF-2B6A-47D5-8A11-CC047CC4D8E9}._GDI Release|x64.Build.0 = Release|x64
		{924517DF-2B6A-47D5-8A11-CC347CC4D8E9}.DD Debug|Win32.ActiveCfg = DDDebug|Win32
		{924517DF-2B6A-47D5-8A11-CC347CC4D8E9}.DD Debug|x64.ActiveCfg = DDDebug|x64
		{924517DF-2B6A-47D5-8A11-CC347CC4D8E9}.DD Release|Win32.ActiveCfg = DDRelease|Win32
		{924517DF-2B6A-47D5-8A11-CC347CC4D8E9}.DD Release|x64.ActiveCfg = DDRelease|x64
		{924517DF-2B6A-47D5-8A11-CC347CC4D8E9}.GDI Debug|Win32.ActiveCfg = Debug|Win32
		{924517DF-2B6A-47D5-8A11-CC347CC4D8E9}.GDI Debug|Win32.Build.0 = Debug|Win32
		{924517DF-2B6A-47D5-8A11-CC347CC4D8E9}.GDI Debug|x64.ActiveCfg = Debug|x64
		{924517DF-2B6A-47D5-8A11-CC347CC4D8E9}.GDI Debug|x64.Build.0 = Debug|x64
		{924517DF-2B6A-47D5-8A11-CC347CC4D8E9}._GDI Release|Win32.ActiveCfg = Release|Win32
		{924517DF-2B6A-47D5-8A11-CC347CC4D8E9}._GDI Release|Win32.Build.0 = Release|Win32
		{924517DF-2B6A-47D5-8A11-CC347CC4D8E9}._GDI Release|x64.ActiveCfg = Release|x64
		{924517DF-2B6A-47D5-8A11-CC347CC4D8E9}._GDI Release|x64.Build.0 = Release|x64
	EndGlobalSection
	GlobalSection(SolutionProperties) = preSolution
		HideSolutionNode = FALSE
	EndGlobalSection
EndGlobal
