Microsoft Visual Studio Solution File, Format Version 9.00
# Visual Studio 2005
Project("{EAF909A5-FA59-4C3D-9431-0FCC20D5BCF9}") = "SeismicSimulation", "SeismicSimulation.icproj", "{87C5A3E0-E1C8-457F-AA2F-B3E455214E76}"
EndProject
Global
	GlobalSection(SolutionConfigurationPlatforms) = preSolution
		DD Debug|Win32 = DD Debug|Win32
		DD Debug|x64 = DD Debug|x64
		DD Release|Win32 = DD Release|Win32
		DD Release|x64 = DD Release|x64
		GDI Debug|Win32 = GDI Debug|Win32
		GDI Debug|x64 = GDI Debug|x64
		_GDI Release|Win32 = _GDI Release|Win32
		_GDI Release|x64 = _GDI Release|x64
	EndGlobalSection
	GlobalSection(ProjectConfigurationPlatforms) = postSolution
		{87C5A3E0-E1C8-457F-AA2F-B3E455214E76}.DD Debug|Win32.ActiveCfg = DDDebug|Win32
		{87C5A3E0-E1C8-457F-AA2F-B3E455214E76}.DD Debug|Win32.Build.0 = DDDebug|Win32
		{87C5A3E0-E1C8-457F-AA2F-B3E455214E76}.DD Debug|x64.ActiveCfg = DDDebug|x64
		{87C5A3E0-E1C8-457F-AA2F-B3E455214E76}.DD Debug|x64.Build.0 = DDDebug|x64
		{87C5A3E0-E1C8-457F-AA2F-B3E455214E76}.DD Release|Win32.ActiveCfg = DDRelease|Win32
		{87C5A3E0-E1C8-457F-AA2F-B3E455214E76}.DD Release|Win32.Build.0 = DDRelease|Win32
		{87C5A3E0-E1C8-457F-AA2F-B3E455214E76}.DD Release|x64.ActiveCfg = DDRelease|x64
		{87C5A3E0-E1C8-457F-AA2F-B3E455214E76}.DD Release|x64.Build.0 = DDRelease|x64
		{87C5A3E0-E1C8-457F-AA2F-B3E455214E76}.GDI Debug|Win32.ActiveCfg = Debug|Win32
		{87C5A3E0-E1C8-457F-AA2F-B3E455214E76}.GDI Debug|Win32.Build.0 = Debug|Win32
		{87C5A3E0-E1C8-457F-AA2F-B3E455214E76}.GDI Debug|x64.ActiveCfg = Debug|x64
		{87C5A3E0-E1C8-457F-AA2F-B3E455214E76}.GDI Debug|x64.Build.0 = Debug|x64
		{87C5A3E0-E1C8-457F-AA2F-B3E455214E76}._GDI Release|Win32.ActiveCfg = Release|Win32
		{87C5A3E0-E1C8-457F-AA2F-B3E455214E76}._GDI Release|Win32.Build.0 = Release|Win32
		{87C5A3E0-E1C8-457F-AA2F-B3E455214E76}._GDI Release|x64.ActiveCfg = Release|x64
		{87C5A3E0-E1C8-457F-AA2F-B3E455214E76}._GDI Release|x64.Build.0 = Release|x64
		{3AA40693-F93D-4D4B-B32E-068F511A2527}._GDI Release|x64.Build.0 = Release|x64
		{3AA40693-F93D-4D4B-B32E-068F511A2527}._GDI Release|x64.ActiveCfg = Release|x64
		{3AA40693-F93D-4D4B-B32E-068F511A2527}._GDI Release|Win32.Build.0 = Release|Win32
		{3AA40693-F93D-4D4B-B32E-068F511A2527}._GDI Release|Win32.ActiveCfg = Release|Win32
		{3AA40693-F93D-4D4B-B32E-068F511A2527}.GDI Debug|x64.Build.0 = Debug|x64
		{3AA40693-F93D-4D4B-B32E-068F511A2527}.GDI Debug|x64.ActiveCfg = Debug|x64
		{3AA40693-F93D-4D4B-B32E-068F511A2527}.GDI Debug|Win32.Build.0 = Debug|Win32
		{3AA40693-F93D-4D4B-B32E-068F511A2527}.GDI Debug|Win32.ActiveCfg = Debug|Win32
		{3AA40693-F93D-4D4B-B32E-068F511A2527}.DD Release|x64.Build.0 = DDRelease|x64
		{3AA40693-F93D-4D4B-B32E-068F511A2527}.DD Release|x64.ActiveCfg = DDRelease|x64
		{3AA40693-F93D-4D4B-B32E-068F511A2527}.DD Release|Win32.Build.0 = DDRelease|Win32
		{3AA40693-F93D-4D4B-B32E-068F511A2527}.DD Release|Win32.ActiveCfg = DDRelease|Win32
		{3AA40693-F93D-4D4B-B32E-068F511A2527}.DD Debug|x64.Build.0 = DDDebug|x64
		{3AA40693-F93D-4D4B-B32E-068F511A2527}.DD Debug|x64.ActiveCfg = DDDebug|x64
		{3AA40693-F93D-4D4B-B32E-068F511A2527}.DD Debug|Win32.Build.0 = DDDebug|Win32
		{3AA40693-F93D-4D4B-B32E-068F511A2527}.DD Debug|Win32.ActiveCfg = DDDebug|Win32
	EndGlobalSection
	GlobalSection(SolutionProperties) = preSolution
		HideSolutionNode = FALSE
	EndGlobalSection
EndGlobal
